
Microsoft Visual Studio Solution File, Format Version 12.00
# Visual Studio 14
VisualStudioVersion = 14.0.24720.0
MinimumVisualStudioVersion = 10.0.40219.1
Project("{FAE04EC0-301F-11D3-BF4B-00C04F79EFBC}") = "MarkhovWordGenerator", "WordGenerator\MarkhovWordGenerator.csproj", "{FB613719-F531-4C10-8575-1A0109EDBCB9}"
	ProjectSection(ProjectDependencies) = postProject
		{937ADB91-BF13-4C56-A01C-FA7914E0DF1F} = {937ADB91-BF13-4C56-A01C-FA7914E0DF1F}
	EndProjectSection
EndProject
Project("{FAE04EC0-301F-11D3-BF4B-00C04F79EFBC}") = "MarkovChains", "MarkovChains\MarkovChains.csproj", "{937ADB91-BF13-4C56-A01C-FA7914E0DF1F}"
EndProject
Global
	GlobalSection(SolutionConfigurationPlatforms) = preSolution
		Debug|Any CPU = Debug|Any CPU
		Release|Any CPU = Release|Any CPU
	EndGlobalSection
	GlobalSection(ProjectConfigurationPlatforms) = postSolution
		{FB613719-F531-4C10-8575-1A0109EDBCB9}.Debug|Any CPU.ActiveCfg = Debug|Any CPU
		{FB613719-F531-4C10-8575-1A0109EDBCB9}.Debug|Any CPU.Build.0 = Debug|Any CPU
		{FB613719-F531-4C10-8575-1A0109EDBCB9}.Release|Any CPU.ActiveCfg = Release|Any CPU
		{FB613719-F531-4C10-8575-1A0109EDBCB9}.Release|Any CPU.Build.0 = Release|Any CPU
		{937ADB91-BF13-4C56-A01C-FA7914E0DF1F}.Debug|Any CPU.ActiveCfg = Debug|Any CPU
		{937ADB91-BF13-4C56-A01C-FA7914E0DF1F}.Debug|Any CPU.Build.0 = Debug|Any CPU
		{937ADB91-BF13-4C56-A01C-FA7914E0DF1F}.Release|Any CPU.ActiveCfg = Release|Any CPU
		{937ADB91-BF13-4C56-A01C-FA7914E0DF1F}.Release|Any CPU.Build.0 = Release|Any CPU
	EndGlobalSection
	GlobalSection(SolutionProperties) = preSolution
		HideSolutionNode = FALSE
	EndGlobalSection
EndGlobal
