
Microsoft Visual Studio Solution File, Format Version 12.00
# Visual Studio Version 16
VisualStudioVersion = 16.0.29926.136
MinimumVisualStudioVersion = 10.0.40219.1
Project("{9A19103F-16F7-4668-BE54-9A1E7A4F7556}") = "WordGenerator", "WordGenerator\WordGenerator.csproj", "{917D1506-4746-4C1A-BB87-DE004AB3967F}"
EndProject
Project("{9A19103F-16F7-4668-BE54-9A1E7A4F7556}") = "WordGeneratorConsole", "WordGeneratorConsole\WordGeneratorConsole.csproj", "{C2602DAB-3ADF-4DB0-8582-7E4FDA4C84EC}"
EndProject
Project("{FAE04EC0-301F-11D3-BF4B-00C04F79EFBC}") = "WordGeneratorTests", "WordGeneratorTests\WordGeneratorTests.csproj", "{9BA7CC85-038E-4E3D-82CC-4FF93C09585E}"
EndProject
Global
	GlobalSection(SolutionConfigurationPlatforms) = preSolution
		Debug|Any CPU = Debug|Any CPU
		Release|Any CPU = Release|Any CPU
	EndGlobalSection
	GlobalSection(ProjectConfigurationPlatforms) = postSolution
		{917D1506-4746-4C1A-BB87-DE004AB3967F}.Debug|Any CPU.ActiveCfg = Debug|Any CPU
		{917D1506-4746-4C1A-BB87-DE004AB3967F}.Debug|Any CPU.Build.0 = Debug|Any CPU
		{917D1506-4746-4C1A-BB87-DE004AB3967F}.Release|Any CPU.ActiveCfg = Release|Any CPU
		{917D1506-4746-4C1A-BB87-DE004AB3967F}.Release|Any CPU.Build.0 = Release|Any CPU
		{C2602DAB-3ADF-4DB0-8582-7E4FDA4C84EC}.Debug|Any CPU.ActiveCfg = Debug|Any CPU
		{C2602DAB-3ADF-4DB0-8582-7E4FDA4C84EC}.Debug|Any CPU.Build.0 = Debug|Any CPU
		{C2602DAB-3ADF-4DB0-8582-7E4FDA4C84EC}.Release|Any CPU.ActiveCfg = Release|Any CPU
		{C2602DAB-3ADF-4DB0-8582-7E4FDA4C84EC}.Release|Any CPU.Build.0 = Release|Any CPU
		{9BA7CC85-038E-4E3D-82CC-4FF93C09585E}.Debug|Any CPU.ActiveCfg = Debug|Any CPU
		{9BA7CC85-038E-4E3D-82CC-4FF93C09585E}.Debug|Any CPU.Build.0 = Debug|Any CPU
		{9BA7CC85-038E-4E3D-82CC-4FF93C09585E}.Release|Any CPU.ActiveCfg = Release|Any CPU
		{9BA7CC85-038E-4E3D-82CC-4FF93C09585E}.Release|Any CPU.Build.0 = Release|Any CPU
	EndGlobalSection
	GlobalSection(SolutionProperties) = preSolution
		HideSolutionNode = FALSE
	EndGlobalSection
	GlobalSection(ExtensibilityGlobals) = postSolution
		SolutionGuid = {2D2D44A8-8B6C-4AD0-BBB8-C802C755614F}
	EndGlobalSection
EndGlobal
